// !$*UTF8*$!
{
	archiveVersion = 1;
	classes = {
	};
	objectVersion = 50;
	objects = {

/* Begin PBXBuildFile section */
		321B1BB72691E9A9001E976D /* MapApp.swift in Sources */ = {isa = PBXBuildFile; fileRef = 321B1BA42691E9A7001E976D /* MapApp.swift */; };
		321B1BB82691E9A9001E976D /* MapApp.swift in Sources */ = {isa = PBXBuildFile; fileRef = 321B1BA42691E9A7001E976D /* MapApp.swift */; };
		321B1BB92691E9A9001E976D /* ContentView.swift in Sources */ = {isa = PBXBuildFile; fileRef = 321B1BA52691E9A7001E976D /* ContentView.swift */; };
		321B1BBA2691E9A9001E976D /* ContentView.swift in Sources */ = {isa = PBXBuildFile; fileRef = 321B1BA52691E9A7001E976D /* ContentView.swift */; };
		321B1BBB2691E9A9001E976D /* Assets.xcassets in Resources */ = {isa = PBXBuildFile; fileRef = 321B1BA62691E9A9001E976D /* Assets.xcassets */; };
		321B1BBC2691E9A9001E976D /* Assets.xcassets in Resources */ = {isa = PBXBuildFile; fileRef = 321B1BA62691E9A9001E976D /* Assets.xcassets */; };
		321B1BCA2691EA27001E976D /* Home.swift in Sources */ = {isa = PBXBuildFile; fileRef = 321B1BC92691EA27001E976D /* Home.swift */; };
		321B1BCC2691EA5B001E976D /* MapView.swift in Sources */ = {isa = PBXBuildFile; fileRef = 321B1BCB2691EA5B001E976D /* MapView.swift */; };
		321B1BCE2691EB50001E976D /* MapViewModel.swift in Sources */ = {isa = PBXBuildFile; fileRef = 321B1BCD2691EB50001E976D /* MapViewModel.swift */; };
/* End PBXBuildFile section */

/* Begin PBXFileReference section */
		321B1BA42691E9A7001E976D /* MapApp.swift */ = {isa = PBXFileReference; lastKnownFileType = sourcecode.swift; path = MapApp.swift; sourceTree = "<group>"; };
		321B1BA52691E9A7001E976D /* ContentView.swift */ = {isa = PBXFileReference; lastKnownFileType = sourcecode.swift; path = ContentView.swift; sourceTree = "<group>"; };
		321B1BA62691E9A9001E976D /* Assets.xcassets */ = {isa = PBXFileReference; lastKnownFileType = folder.assetcatalog; path = Assets.xcassets; sourceTree = "<group>"; };
		321B1BAB2691E9A9001E976D /* Map.app */ = {isa = PBXFileReference; explicitFileType = wrapper.application; includeInIndex = 0; path = Map.app; sourceTree = BUILT_PRODUCTS_DIR; };
		321B1BAE2691E9A9001E976D /* Info.plist */ = {isa = PBXFileReference; lastKnownFileType = text.plist.xml; path = Info.plist; sourceTree = "<group>"; };
		321B1BB32691E9A9001E976D /* Map.app */ = {isa = PBXFileReference; explicitFileType = wrapper.application; includeInIndex = 0; path = Map.app; sourceTree = BUILT_PRODUCTS_DIR; };
		321B1BB52691E9A9001E976D /* Info.plist */ = {isa = PBXFileReference; lastKnownFileType = text.plist.xml; path = Info.plist; sourceTree = "<group>"; };
		321B1BB62691E9A9001E976D /* macOS.entitlements */ = {isa = PBXFileReference; lastKnownFileType = text.plist.entitlements; path = macOS.entitlements; sourceTree = "<group>"; };
		321B1BC92691EA27001E976D /* Home.swift */ = {isa = PBXFileReference; lastKnownFileType = sourcecode.swift; path = Home.swift; sourceTree = "<group>"; };
		321B1BCB2691EA5B001E976D /* MapView.swift */ = {isa = PBXFileReference; lastKnownFileType = sourcecode.swift; path = MapView.swift; sourceTree = "<group>"; };
		321B1BCD2691EB50001E976D /* MapViewModel.swift */ = {isa = PBXFileReference; lastKnownFileType = sourcecode.swift; path = MapViewModel.swift; sourceTree = "<group>"; };
/* End PBXFileReference section */

/* Begin PBXFrameworksBuildPhase section */
		321B1BA82691E9A9001E976D /* Frameworks */ = {
			isa = PBXFrameworksBuildPhase;
			buildActionMask = 2147483647;
			files = (
			);
			runOnlyForDeploymentPostprocessing = 0;
		};
		321B1BB02691E9A9001E976D /* Frameworks */ = {
			isa = PBXFrameworksBuildPhase;
			buildActionMask = 2147483647;
			files = (
			);
			runOnlyForDeploymentPostprocessing = 0;
		};
/* End PBXFrameworksBuildPhase section */

/* Begin PBXGroup section */
		321B1B9E2691E9A7001E976D = {
			isa = PBXGroup;
			children = (
				321B1BA32691E9A7001E976D /* Shared */,
				321B1BAD2691E9A9001E976D /* iOS */,
				321B1BB42691E9A9001E976D /* macOS */,
				321B1BAC2691E9A9001E976D /* Products */,
			);
			sourceTree = "<group>";
		};
		321B1BA32691E9A7001E976D /* Shared */ = {
			isa = PBXGroup;
			children = (
				321B1BC62691E9DE001E976D /* ViewModel */,
				321B1BC52691E9D0001E976D /* View */,
				321B1BA42691E9A7001E976D /* MapApp.swift */,
				321B1BA52691E9A7001E976D /* ContentView.swift */,
				321B1BA62691E9A9001E976D /* Assets.xcassets */,
			);
			path = Shared;
			sourceTree = "<group>";
		};
		321B1BAC2691E9A9001E976D /* Products */ = {
			isa = PBXGroup;
			children = (
				321B1BAB2691E9A9001E976D /* Map.app */,
				321B1BB32691E9A9001E976D /* Map.app */,
			);
			name = Products;
			sourceTree = "<group>";
		};
		321B1BAD2691E9A9001E976D /* iOS */ = {
			isa = PBXGroup;
			children = (
				321B1BAE2691E9A9001E976D /* Info.plist */,
			);
			path = iOS;
			sourceTree = "<group>";
		};
		321B1BB42691E9A9001E976D /* macOS */ = {
			isa = PBXGroup;
			children = (
				321B1BB52691E9A9001E976D /* Info.plist */,
				321B1BB62691E9A9001E976D /* macOS.entitlements */,
			);
			path = macOS;
			sourceTree = "<group>";
		};
		321B1BC52691E9D0001E976D /* View */ = {
			isa = PBXGroup;
			children = (
				321B1BC92691EA27001E976D /* Home.swift */,
				321B1BCB2691EA5B001E976D /* MapView.swift */,
			);
			path = View;
			sourceTree = "<group>";
		};
		321B1BC62691E9DE001E976D /* ViewModel */ = {
			isa = PBXGroup;
			children = (
				321B1BCD2691EB50001E976D /* MapViewModel.swift */,
			);
			path = ViewModel;
			sourceTree = "<group>";
		};
/* End PBXGroup section */

/* Begin PBXNativeTarget section */
		321B1BAA2691E9A9001E976D /* Map (iOS) */ = {
			isa = PBXNativeTarget;
			buildConfigurationList = 321B1BBF2691E9A9001E976D /* Build configuration list for PBXNativeTarget "Map (iOS)" */;
			buildPhases = (
				321B1BA72691E9A9001E976D /* Sources */,
				321B1BA82691E9A9001E976D /* Frameworks */,
				321B1BA92691E9A9001E976D /* Resources */,
			);
			buildRules = (
			);
			dependencies = (
			);
			name = "Map (iOS)";
			productName = "Map (iOS)";
			productReference = 321B1BAB2691E9A9001E976D /* Map.app */;
			productType = "com.apple.product-type.application";
		};
		321B1BB22691E9A9001E976D /* Map (macOS) */ = {
			isa = PBXNativeTarget;
			buildConfigurationList = 321B1BC22691E9A9001E976D /* Build configuration list for PBXNativeTarget "Map (macOS)" */;
			buildPhases = (
				321B1BAF2691E9A9001E976D /* Sources */,
				321B1BB02691E9A9001E976D /* Frameworks */,
				321B1BB12691E9A9001E976D /* Resources */,
			);
			buildRules = (
			);
			dependencies = (
			);
			name = "Map (macOS)";
			productName = "Map (macOS)";
			productReference = 321B1BB32691E9A9001E976D /* Map.app */;
			productType = "com.apple.product-type.application";
		};
/* End PBXNativeTarget section */

/* Begin PBXProject section */
		321B1B9F2691E9A7001E976D /* Project object */ = {
			isa = PBXProject;
			attributes = {
				LastSwiftUpdateCheck = 1250;
				LastUpgradeCheck = 1250;
				TargetAttributes = {
					321B1BAA2691E9A9001E976D = {
						CreatedOnToolsVersion = 12.5.1;
					};
					321B1BB22691E9A9001E976D = {
						CreatedOnToolsVersion = 12.5.1;
					};
				};
			};
			buildConfigurationList = 321B1BA22691E9A7001E976D /* Build configuration list for PBXProject "Map" */;
			compatibilityVersion = "Xcode 9.3";
			developmentRegion = en;
			hasScannedForEncodings = 0;
			knownRegions = (
				en,
				Base,
			);
			mainGroup = 321B1B9E2691E9A7001E976D;
			productRefGroup = 321B1BAC2691E9A9001E976D /* Products */;
			projectDirPath = "";
			projectRoot = "";
			targets = (
				321B1BAA2691E9A9001E976D /* Map (iOS) */,
				321B1BB22691E9A9001E976D /* Map (macOS) */,
			);
		};
/* End PBXProject section */

/* Begin PBXResourcesBuildPhase section */
		321B1BA92691E9A9001E976D /* Resources */ = {
			isa = PBXResourcesBuildPhase;
			buildActionMask = 2147483647;
			files = (
				321B1BBB2691E9A9001E976D /* Assets.xcassets in Resources */,
			);
			runOnlyForDeploymentPostprocessing = 0;
		};
		321B1BB12691E9A9001E976D /* Resources */ = {
			isa = PBXResourcesBuildPhase;
			buildActionMask = 2147483647;
			files = (
				321B1BBC2691E9A9001E976D /* Assets.xcassets in Resources */,
			);
			runOnlyForDeploymentPostprocessing = 0;
		};
/* End PBXResourcesBuildPhase section */

/* Begin PBXSourcesBuildPhase section */
		321B1BA72691E9A9001E976D /* Sources */ = {
			isa = PBXSourcesBuildPhase;
			buildActionMask = 2147483647;
			files = (
				321B1BB92691E9A9001E976D /* ContentView.swift in Sources */,
				321B1BCE2691EB50001E976D /* MapViewModel.swift in Sources */,
				321B1BCC2691EA5B001E976D /* MapView.swift in Sources */,
				321B1BCA2691EA27001E976D /* Home.swift in Sources */,
				321B1BB72691E9A9001E976D /* MapApp.swift in Sources */,
			);
			runOnlyForDeploymentPostprocessing = 0;
		};
		321B1BAF2691E9A9001E976D /* Sources */ = {
			isa = PBXSourcesBuildPhase;
			buildActionMask = 2147483647;
			files = (
				321B1BBA2691E9A9001E976D /* ContentView.swift in Sources */,
				321B1BB82691E9A9001E976D /* MapApp.swift in Sources */,
			);
			runOnlyForDeploymentPostprocessing = 0;
		};
/* End PBXSourcesBuildPhase section */

/* Begin XCBuildConfiguration section */
		321B1BBD2691E9A9001E976D /* Debug */ = {
			isa = XCBuildConfiguration;
			buildSettings = {
				ALWAYS_SEARCH_USER_PATHS = NO;
				CLANG_ANALYZER_NONNULL = YES;
				CLANG_ANALYZER_NUMBER_OBJECT_CONVERSION = YES_AGGRESSIVE;
				CLANG_CXX_LANGUAGE_STANDARD = "gnu++14";
				CLANG_CXX_LIBRARY = "libc++";
				CLANG_ENABLE_MODULES = YES;
				CLANG_ENABLE_OBJC_ARC = YES;
				CLANG_ENABLE_OBJC_WEAK = YES;
				CLANG_WARN_BLOCK_CAPTURE_AUTORELEASING = YES;
				CLANG_WARN_BOOL_CONVERSION = YES;
				CLANG_WARN_COMMA = YES;
				CLANG_WARN_CONSTANT_CONVERSION = YES;
				CLANG_WARN_DEPRECATED_OBJC_IMPLEMENTATIONS = YES;
				CLANG_WARN_DIRECT_OBJC_ISA_USAGE = YES_ERROR;
				CLANG_WARN_DOCUMENTATION_COMMENTS = YES;
				CLANG_WARN_EMPTY_BODY = YES;
				CLANG_WARN_ENUM_CONVERSION = YES;
				CLANG_WARN_INFINITE_RECURSION = YES;
				CLANG_WARN_INT_CONVERSION = YES;
				CLANG_WARN_NON_LITERAL_NULL_CONVERSION = YES;
				CLANG_WARN_OBJC_IMPLICIT_RETAIN_SELF = YES;
				CLANG_WARN_OBJC_LITERAL_CONVERSION = YES;
				CLANG_WARN_OBJC_ROOT_CLASS = YES_ERROR;
				CLANG_WARN_QUOTED_INCLUDE_IN_FRAMEWORK_HEADER = YES;
				CLANG_WARN_RANGE_LOOP_ANALYSIS = YES;
				CLANG_WARN_STRICT_PROTOTYPES = YES;
				CLANG_WARN_SUSPICIOUS_MOVE = YES;
				CLANG_WARN_UNGUARDED_AVAILABILITY = YES_AGGRESSIVE;
				CLANG_WARN_UNREACHABLE_CODE = YES;
				CLANG_WARN__DUPLICATE_METHOD_MATCH = YES;
				COPY_PHASE_STRIP = NO;
				DEBUG_INFORMATION_FORMAT = dwarf;
				ENABLE_STRICT_OBJC_MSGSEND = YES;
				ENABLE_TESTABILITY = YES;
				GCC_C_LANGUAGE_STANDARD = gnu11;
				GCC_DYNAMIC_NO_PIC = NO;
				GCC_NO_COMMON_BLOCKS = YES;
				GCC_OPTIMIZATION_LEVEL = 0;
				GCC_PREPROCESSOR_DEFINITIONS = (
					"DEBUG=1",
					"$(inherited)",
				);
				GCC_WARN_64_TO_32_BIT_CONVERSION = YES;
				GCC_WARN_ABOUT_RETURN_TYPE = YES_ERROR;
				GCC_WARN_UNDECLARED_SELECTOR = YES;
				GCC_WARN_UNINITIALIZED_AUTOS = YES_AGGRESSIVE;
				GCC_WARN_UNUSED_FUNCTION = YES;
				GCC_WARN_UNUSED_VARIABLE = YES;
				MTL_ENABLE_DEBUG_INFO = INCLUDE_SOURCE;
				MTL_FAST_MATH = YES;
				ONLY_ACTIVE_ARCH = YES;
				SWIFT_ACTIVE_COMPILATION_CONDITIONS = DEBUG;
				SWIFT_OPTIMIZATION_LEVEL = "-Onone";
			};
			name = Debug;
		};
		321B1BBE2691E9A9001E976D /* Release */ = {
			isa = XCBuildConfiguration;
			buildSettings = {
				ALWAYS_SEARCH_USER_PATHS = NO;
				CLANG_ANALYZER_NONNULL = YES;
				CLANG_ANALYZER_NUMBER_OBJECT_CONVERSION = YES_AGGRESSIVE;
				CLANG_CXX_LANGUAGE_STANDARD = "gnu++14";
				CLANG_CXX_LIBRARY = "libc++";
				CLANG_ENABLE_MODULES = YES;
				CLANG_ENABLE_OBJC_ARC = YES;
				CLANG_ENABLE_OBJC_WEAK = YES;
				CLANG_WARN_BLOCK_CAPTURE_AUTORELEASING = YES;
				CLANG_WARN_BOOL_CONVERSION = YES;
				CLANG_WARN_COMMA = YES;
				CLANG_WARN_CONSTANT_CONVERSION = YES;
				CLANG_WARN_DEPRECATED_OBJC_IMPLEMENTATIONS = YES;
				CLANG_WARN_DIRECT_OBJC_ISA_USAGE = YES_ERROR;
				CLANG_WARN_DOCUMENTATION_COMMENTS = YES;
				CLANG_WARN_EMPTY_BODY = YES;
				CLANG_WARN_ENUM_CONVERSION = YES;
				CLANG_WARN_INFINITE_RECURSION = YES;
				CLANG_WARN_INT_CONVERSION = YES;
				CLANG_WARN_NON_LITERAL_NULL_CONVERSION = YES;
				CLANG_WARN_OBJC_IMPLICIT_RETAIN_SELF = YES;
				CLANG_WARN_OBJC_LITERAL_CONVERSION = YES;
				CLANG_WARN_OBJC_ROOT_CLASS = YES_ERROR;
				CLANG_WARN_QUOTED_INCLUDE_IN_FRAMEWORK_HEADER = YES;
				CLANG_WARN_RANGE_LOOP_ANALYSIS = YES;
				CLANG_WARN_STRICT_PROTOTYPES = YES;
				CLANG_WARN_SUSPICIOUS_MOVE = YES;
				CLANG_WARN_UNGUARDED_AVAILABILITY = YES_AGGRESSIVE;
				CLANG_WARN_UNREACHABLE_CODE = YES;
				CLANG_WARN__DUPLICATE_METHOD_MATCH = YES;
				COPY_PHASE_STRIP = NO;
				DEBUG_INFORMATION_FORMAT = "dwarf-with-dsym";
				ENABLE_NS_ASSERTIONS = NO;
				ENABLE_STRICT_OBJC_MSGSEND = YES;
				GCC_C_LANGUAGE_STANDARD = gnu11;
				GCC_NO_COMMON_BLOCKS = YES;
				GCC_WARN_64_TO_32_BIT_CONVERSION = YES;
				GCC_WARN_ABOUT_RETURN_TYPE = YES_ERROR;
				GCC_WARN_UNDECLARED_SELECTOR = YES;
				GCC_WARN_UNINITIALIZED_AUTOS = YES_AGGRESSIVE;
				GCC_WARN_UNUSED_FUNCTION = YES;
				GCC_WARN_UNUSED_VARIABLE = YES;
				MTL_ENABLE_DEBUG_INFO = NO;
				MTL_FAST_MATH = YES;
				SWIFT_COMPILATION_MODE = wholemodule;
				SWIFT_OPTIMIZATION_LEVEL = "-O";
			};
			name = Release;
		};
		321B1BC02691E9A9001E976D /* Debug */ = {
			isa = XCBuildConfiguration;
			buildSettings = {
				ASSETCATALOG_COMPILER_APPICON_NAME = AppIcon;
				ASSETCATALOG_COMPILER_GLOBAL_ACCENT_COLOR_NAME = AccentColor;
				CODE_SIGN_STYLE = Automatic;
				DEVELOPMENT_TEAM = AUMKNH3ZQS;
				ENABLE_PREVIEWS = YES;
				INFOPLIST_FILE = iOS/Info.plist;
				IPHONEOS_DEPLOYMENT_TARGET = 14.0;
				LD_RUNPATH_SEARCH_PATHS = (
					"$(inherited)",
					"@executable_path/Frameworks",
				);
				PRODUCT_BUNDLE_IDENTIFIER = com.Zolotalice.Map;
				PRODUCT_NAME = Map;
				SDKROOT = iphoneos;
				SWIFT_VERSION = 5.0;
				TARGETED_DEVICE_FAMILY = "1,2";
			};
			name = Debug;
		};
		321B1BC12691E9A9001E976D /* Release */ = {
			isa = XCBuildConfiguration;
			buildSettings = {
				ASSETCATALOG_COMPILER_APPICON_NAME = AppIcon;
				ASSETCATALOG_COMPILER_GLOBAL_ACCENT_COLOR_NAME = AccentColor;
				CODE_SIGN_STYLE = Automatic;
				DEVELOPMENT_TEAM = AUMKNH3ZQS;
				ENABLE_PREVIEWS = YES;
				INFOPLIST_FILE = iOS/Info.plist;
				IPHONEOS_DEPLOYMENT_TARGET = 14.0;
				LD_RUNPATH_SEARCH_PATHS = (
					"$(inherited)",
					"@executable_path/Frameworks",
				);
				PRODUCT_BUNDLE_IDENTIFIER = com.Zolotalice.Map;
				PRODUCT_NAME = Map;
				SDKROOT = iphoneos;
				SWIFT_VERSION = 5.0;
				TARGETED_DEVICE_FAMILY = "1,2";
				VALIDATE_PRODUCT = YES;
			};
			name = Release;
		};
		321B1BC32691E9A9001E976D /* Debug */ = {
			isa = XCBuildConfiguration;
			buildSettings = {
				ASSETCATALOG_COMPILER_APPICON_NAME = AppIcon;
				ASSETCATALOG_COMPILER_GLOBAL_ACCENT_COLOR_NAME = AccentColor;
				CODE_SIGN_ENTITLEMENTS = macOS/macOS.entitlements;
				CODE_SIGN_STYLE = Automatic;
				COMBINE_HIDPI_IMAGES = YES;
				DEVELOPMENT_TEAM = AUMKNH3ZQS;
				ENABLE_HARDENED_RUNTIME = YES;
				ENABLE_PREVIEWS = YES;
				INFOPLIST_FILE = macOS/Info.plist;
				LD_RUNPATH_SEARCH_PATHS = (
					"$(inherited)",
					"@executable_path/../Frameworks",
				);
				MACOSX_DEPLOYMENT_TARGET = 11.0;
				PRODUCT_BUNDLE_IDENTIFIER = com.Zolotalice.Map;
				PRODUCT_NAME = Map;
				SDKROOT = macosx;
				SWIFT_VERSION = 5.0;
			};
			name = Debug;
		};
		321B1BC42691E9A9001E976D /* Release */ = {
			isa = XCBuildConfiguration;
			buildSettings = {
				ASSETCATALOG_COMPILER_APPICON_NAME = AppIcon;
				ASSETCATALOG_COMPILER_GLOBAL_ACCENT_COLOR_NAME = AccentColor;
				CODE_SIGN_ENTITLEMENTS = macOS/macOS.entitlements;
				CODE_SIGN_STYLE = Automatic;
				COMBINE_HIDPI_IMAGES = YES;
				DEVELOPMENT_TEAM = AUMKNH3ZQS;
				ENABLE_HARDENED_RUNTIME = YES;
				ENABLE_PREVIEWS = YES;
				INFOPLIST_FILE = macOS/Info.plist;
				LD_RUNPATH_SEARCH_PATHS = (
					"$(inherited)",
					"@executable_path/../Frameworks",
				);
				MACOSX_DEPLOYMENT_TARGET = 11.0;
				PRODUCT_BUNDLE_IDENTIFIER = com.Zolotalice.Map;
				PRODUCT_NAME = Map;
				SDKROOT = macosx;
				SWIFT_VERSION = 5.0;
			};
			name = Release;
		};
/* End XCBuildConfiguration section */

/* Begin XCConfigurationList section */
		321B1BA22691E9A7001E976D /* Build configuration list for PBXProject "Map" */ = {
			isa = XCConfigurationList;
			buildConfigurations = (
				321B1BBD2691E9A9001E976D /* Debug */,
				321B1BBE2691E9A9001E976D /* Release */,
			);
			defaultConfigurationIsVisible = 0;
			defaultConfigurationName = Release;
		};
		321B1BBF2691E9A9001E976D /* Build configuration list for PBXNativeTarget "Map (iOS)" */ = {
			isa = XCConfigurationList;
			buildConfigurations = (
				321B1BC02691E9A9001E976D /* Debug */,
				321B1BC12691E9A9001E976D /* Release */,
			);
			defaultConfigurationIsVisible = 0;
			defaultConfigurationName = Release;
		};
		321B1BC22691E9A9001E976D /* Build configuration list for PBXNativeTarget "Map (macOS)" */ = {
			isa = XCConfigurationList;
			buildConfigurations = (
				321B1BC32691E9A9001E976D /* Debug */,
				321B1BC42691E9A9001E976D /* Release */,
			);
			defaultConfigurationIsVisible = 0;
			defaultConfigurationName = Release;
		};
/* End XCConfigurationList section */
	};
	rootObject = 321B1B9F2691E9A7001E976D /* Project object */;
}
